// !$*UTF8*$!
{
	archiveVersion = 1;
	classes = {
	};
	objectVersion = 77;
	objects = {

/* Begin PBXBuildFile section */
		AA0000012FB2000000000001 /* iqos_tool_widget.appex in Embed Foundation Extensions */ = {isa = PBXBuildFile; fileRef = AA0000022FB2000000000002 /* iqos_tool_widget.appex */; settings = {ATTRIBUTES = (RemoveHeadersOnCopy, ); }; };
/* End PBXBuildFile section */

/* Begin PBXContainerItemProxy section */
		AA0000092FB2000000000009 /* PBXContainerItemProxy */ = {
			isa = PBXContainerItemProxy;
			containerPortal = DDA9E6892FB1A15F0062C308 /* Project object */;
			proxyType = 1;
			remoteGlobalIDString = AA0000082FB2000000000008;
			remoteInfo = iqos_tool_widget;
		};
		DDA9E69F2FB1A1650062C308 /* PBXContainerItemProxy */ = {
			isa = PBXContainerItemProxy;
			containerPortal = DDA9E6892FB1A15F0062C308 /* Project object */;
			proxyType = 1;
			remoteGlobalIDString = DDA9E6902FB1A1600062C308;
			remoteInfo = iqos_tool;
		};
		DDA9E6A92FB1A1650062C308 /* PBXContainerItemProxy */ = {
			isa = PBXContainerItemProxy;
			containerPortal = DDA9E6892FB1A15F0062C308 /* Project object */;
			proxyType = 1;
			remoteGlobalIDString = DDA9E6902FB1A1600062C308;
			remoteInfo = iqos_tool;
		};
/* End PBXContainerItemProxy section */

/* Begin PBXCopyFilesBuildPhase section */
		AA0000072FB2000000000007 /* Embed Foundation Extensions */ = {
			isa = PBXCopyFilesBuildPhase;
			buildActionMask = 2147483647;
			dstPath = "";
			dstSubfolderSpec = 13;
			files = (
				AA0000012FB2000000000001 /* iqos_tool_widget.appex in Embed Foundation Extensions */,
			);
			name = "Embed Foundation Extensions";
			runOnlyForDeploymentPostprocessing = 0;
		};
/* End PBXCopyFilesBuildPhase section */

/* Begin PBXFileReference section */
		AA0000022FB2000000000002 /* iqos_tool_widget.appex */ = {isa = PBXFileReference; explicitFileType = "wrapper.app-extension"; includeInIndex = 0; path = iqos_tool_widget.appex; sourceTree = BUILT_PRODUCTS_DIR; };
		DDA9E6912FB1A1600062C308 /* iqos_tool.app */ = {isa = PBXFileReference; explicitFileType = wrapper.application; includeInIndex = 0; path = iqos_tool.app; sourceTree = BUILT_PRODUCTS_DIR; };
		DDA9E69E2FB1A1650062C308 /* iqos_toolTests.xctest */ = {isa = PBXFileReference; explicitFileType = wrapper.cfbundle; includeInIndex = 0; path = iqos_toolTests.xctest; sourceTree = BUILT_PRODUCTS_DIR; };
		DDA9E6A82FB1A1650062C308 /* iqos_toolUITests.xctest */ = {isa = PBXFileReference; explicitFileType = wrapper.cfbundle; includeInIndex = 0; path = iqos_toolUITests.xctest; sourceTree = BUILT_PRODUCTS_DIR; };
/* End PBXFileReference section */

/* Begin PBXFileSystemSynchronizedRootGroup section */
		AA0000032FB2000000000003 /* iqos_tool_widget */ = {
			isa = PBXFileSystemSynchronizedRootGroup;
			path = iqos_tool_widget;
			sourceTree = "<group>";
		};
		DDA9E6932FB1A1600062C308 /* iqos_tool */ = {
			isa = PBXFileSystemSynchronizedRootGroup;
			path = iqos_tool;
			sourceTree = "<group>";
		};
		DDA9E6A12FB1A1650062C308 /* iqos_toolTests */ = {
			isa = PBXFileSystemSynchronizedRootGroup;
			path = iqos_toolTests;
			sourceTree = "<group>";
		};
		DDA9E6AB2FB1A1650062C308 /* iqos_toolUITests */ = {
			isa = PBXFileSystemSynchronizedRootGroup;
			path = iqos_toolUITests;
			sourceTree = "<group>";
		};
/* End PBXFileSystemSynchronizedRootGroup section */

/* Begin PBXFrameworksBuildPhase section */
		DDA9E68E2FB1A1600062C308 /* Frameworks */ = {
			isa = PBXFrameworksBuildPhase;
			buildActionMask = 2147483647;
			files = (
			);
			runOnlyForDeploymentPostprocessing = 0;
		};
		DDA9E69B2FB1A1650062C308 /* Frameworks */ = {
			isa = PBXFrameworksBuildPhase;
			buildActionMask = 2147483647;
			files = (
			);
			runOnlyForDeploymentPostprocessing = 0;
		};
		DDA9E6A52FB1A1650062C308 /* Frameworks */ = {
			isa = PBXFrameworksBuildPhase;
			buildActionMask = 2147483647;
			files = (
			);
			runOnlyForDeploymentPostprocessing = 0;
		};
		AA0000042FB2000000000004 /* Frameworks */ = {
			isa = PBXFrameworksBuildPhase;
			buildActionMask = 2147483647;
			files = (
			);
			runOnlyForDeploymentPostprocessing = 0;
		};
/* End PBXFrameworksBuildPhase section */

/* Begin PBXGroup section */
		DDA9E6882FB1A15F0062C308 = {
			isa = PBXGroup;
			children = (
				DDA9E6932FB1A1600062C308 /* iqos_tool */,
				AA0000032FB2000000000003 /* iqos_tool_widget */,
				DDA9E6A12FB1A1650062C308 /* iqos_toolTests */,
				DDA9E6AB2FB1A1650062C308 /* iqos_toolUITests */,
				DDA9E6922FB1A1600062C308 /* Products */,
			);
			sourceTree = "<group>";
		};
		DDA9E6922FB1A1600062C308 /* Products */ = {
			isa = PBXGroup;
			children = (
				DDA9E6912FB1A1600062C308 /* iqos_tool.app */,
				AA0000022FB2000000000002 /* iqos_tool_widget.appex */,
				DDA9E69E2FB1A1650062C308 /* iqos_toolTests.xctest */,
				DDA9E6A82FB1A1650062C308 /* iqos_toolUITests.xctest */,
			);
			name = Products;
			sourceTree = "<group>";
		};
/* End PBXGroup section */

/* Begin PBXNativeTarget section */
		DDA9E6902FB1A1600062C308 /* iqos_tool */ = {
			isa = PBXNativeTarget;
			buildConfigurationList = DDA9E6B22FB1A1650062C308 /* Build configuration list for PBXNativeTarget "iqos_tool" */;
			buildPhases = (
				DDA9E68D2FB1A1600062C308 /* Sources */,
				DDA9E68E2FB1A1600062C308 /* Frameworks */,
				DDA9E68F2FB1A1600062C308 /* Resources */,
				AA0000072FB2000000000007 /* Embed Foundation Extensions */,
			);
			buildRules = (
			);
			dependencies = (
				AA00000A2FB200000000000A /* PBXTargetDependency */,
			);
			fileSystemSynchronizedGroups = (
				DDA9E6932FB1A1600062C308 /* iqos_tool */,
			);
			name = iqos_tool;
			packageProductDependencies = (
			);
			productName = iqos_tool;
			productReference = DDA9E6912FB1A1600062C308 /* iqos_tool.app */;
			productType = "com.apple.product-type.application";
		};
		DDA9E69D2FB1A1650062C308 /* iqos_toolTests */ = {
			isa = PBXNativeTarget;
			buildConfigurationList = DDA9E6B52FB1A1650062C308 /* Build configuration list for PBXNativeTarget "iqos_toolTests" */;
			buildPhases = (
				DDA9E69A2FB1A1650062C308 /* Sources */,
				DDA9E69B2FB1A1650062C308 /* Frameworks */,
				DDA9E69C2FB1A1650062C308 /* Resources */,
			);
			buildRules = (
			);
			dependencies = (
				DDA9E6A02FB1A1650062C308 /* PBXTargetDependency */,
			);
			fileSystemSynchronizedGroups = (
				DDA9E6A12FB1A1650062C308 /* iqos_toolTests */,
			);
			name = iqos_toolTests;
			packageProductDependencies = (
			);
			productName = iqos_toolTests;
			productReference = DDA9E69E2FB1A1650062C308 /* iqos_toolTests.xctest */;
			productType = "com.apple.product-type.bundle.unit-test";
		};
		DDA9E6A72FB1A1650062C308 /* iqos_toolUITests */ = {
			isa = PBXNativeTarget;
			buildConfigurationList = DDA9E6B82FB1A1650062C308 /* Build configuration list for PBXNativeTarget "iqos_toolUITests" */;
			buildPhases = (
				DDA9E6A42FB1A1650062C308 /* Sources */,
				DDA9E6A52FB1A1650062C308 /* Frameworks */,
				DDA9E6A62FB1A1650062C308 /* Resources */,
			);
			buildRules = (
			);
			dependencies = (
				DDA9E6AA2FB1A1650062C308 /* PBXTargetDependency */,
			);
			fileSystemSynchronizedGroups = (
				DDA9E6AB2FB1A1650062C308 /* iqos_toolUITests */,
			);
			name = iqos_toolUITests;
			packageProductDependencies = (
			);
			productName = iqos_toolUITests;
			productReference = DDA9E6A82FB1A1650062C308 /* iqos_toolUITests.xctest */;
			productType = "com.apple.product-type.bundle.ui-testing";
		};
		AA0000082FB2000000000008 /* iqos_tool_widget */ = {
			isa = PBXNativeTarget;
			buildConfigurationList = AA00000B2FB200000000000B /* Build configuration list for PBXNativeTarget "iqos_tool_widget" */;
			buildPhases = (
				AA0000062FB2000000000006 /* Sources */,
				AA0000042FB2000000000004 /* Frameworks */,
				AA0000052FB2000000000005 /* Resources */,
			);
			buildRules = (
			);
			dependencies = (
			);
			fileSystemSynchronizedGroups = (
				AA0000032FB2000000000003 /* iqos_tool_widget */,
			);
			name = iqos_tool_widget;
			packageProductDependencies = (
			);
			productName = iqos_tool_widget;
			productReference = AA0000022FB2000000000002 /* iqos_tool_widget.appex */;
			productType = "com.apple.product-type.app-extension";
		};
/* End PBXNativeTarget section */

/* Begin PBXProject section */
		DDA9E6892FB1A15F0062C308 /* Project object */ = {
			isa = PBXProject;
			attributes = {
				BuildIndependentTargetsInParallel = 1;
				LastSwiftUpdateCheck = 2640;
				LastUpgradeCheck = 2640;
				TargetAttributes = {
					AA0000082FB2000000000008 = {
						CreatedOnToolsVersion = 26.4.1;
					};
					DDA9E6902FB1A1600062C308 = {
						CreatedOnToolsVersion = 26.4.1;
					};
					DDA9E69D2FB1A1650062C308 = {
						CreatedOnToolsVersion = 26.4.1;
						TestTargetID = DDA9E6902FB1A1600062C308;
					};
					DDA9E6A72FB1A1650062C308 = {
						CreatedOnToolsVersion = 26.4.1;
						TestTargetID = DDA9E6902FB1A1600062C308;
					};
				};
			};
			buildConfigurationList = DDA9E68C2FB1A15F0062C308 /* Build configuration list for PBXProject "iqos_tool" */;
			developmentRegion = en;
			hasScannedForEncodings = 0;
			knownRegions = (
				en,
				Base,
				"zh-Hant",
			);
			mainGroup = DDA9E6882FB1A15F0062C308;
			minimizedProjectReferenceProxies = 1;
			preferredProjectObjectVersion = 77;
			productRefGroup = DDA9E6922FB1A1600062C308 /* Products */;
			projectDirPath = "";
			projectRoot = "";
			targets = (
				DDA9E6902FB1A1600062C308 /* iqos_tool */,
				AA0000082FB2000000000008 /* iqos_tool_widget */,
				DDA9E69D2FB1A1650062C308 /* iqos_toolTests */,
				DDA9E6A72FB1A1650062C308 /* iqos_toolUITests */,
			);
		};
/* End PBXProject section */

/* Begin PBXResourcesBuildPhase section */
		DDA9E68F2FB1A1600062C308 /* Resources */ = {
			isa = PBXResourcesBuildPhase;
			buildActionMask = 2147483647;
			files = (
			);
			runOnlyForDeploymentPostprocessing = 0;
		};
		DDA9E69C2FB1A1650062C308 /* Resources */ = {
			isa = PBXResourcesBuildPhase;
			buildActionMask = 2147483647;
			files = (
			);
			runOnlyForDeploymentPostprocessing = 0;
		};
		DDA9E6A62FB1A1650062C308 /* Resources */ = {
			isa = PBXResourcesBuildPhase;
			buildActionMask = 2147483647;
			files = (
			);
			runOnlyForDeploymentPostprocessing = 0;
		};
		AA0000052FB2000000000005 /* Resources */ = {
			isa = PBXResourcesBuildPhase;
			buildActionMask = 2147483647;
			files = (
			);
			runOnlyForDeploymentPostprocessing = 0;
		};
/* End PBXResourcesBuildPhase section */

/* Begin PBXSourcesBuildPhase section */
		DDA9E68D2FB1A1600062C308 /* Sources */ = {
			isa = PBXSourcesBuildPhase;
			buildActionMask = 2147483647;
			files = (
			);
			runOnlyForDeploymentPostprocessing = 0;
		};
		DDA9E69A2FB1A1650062C308 /* Sources */ = {
			isa = PBXSourcesBuildPhase;
			buildActionMask = 2147483647;
			files = (
			);
			runOnlyForDeploymentPostprocessing = 0;
		};
		DDA9E6A42FB1A1650062C308 /* Sources */ = {
			isa = PBXSourcesBuildPhase;
			buildActionMask = 2147483647;
			files = (
			);
			runOnlyForDeploymentPostprocessing = 0;
		};
		AA0000062FB2000000000006 /* Sources */ = {
			isa = PBXSourcesBuildPhase;
			buildActionMask = 2147483647;
			files = (
			);
			runOnlyForDeploymentPostprocessing = 0;
		};
/* End PBXSourcesBuildPhase section */

/* Begin PBXTargetDependency section */
		AA00000A2FB200000000000A /* PBXTargetDependency */ = {
			isa = PBXTargetDependency;
			target = AA0000082FB2000000000008 /* iqos_tool_widget */;
			targetProxy = AA0000092FB2000000000009 /* PBXContainerItemProxy */;
		};
		DDA9E6A02FB1A1650062C308 /* PBXTargetDependency */ = {
			isa = PBXTargetDependency;
			target = DDA9E6902FB1A1600062C308 /* iqos_tool */;
			targetProxy = DDA9E69F2FB1A1650062C308 /* PBXContainerItemProxy */;
		};
		DDA9E6AA2FB1A1650062C308 /* PBXTargetDependency */ = {
			isa = PBXTargetDependency;
			target = DDA9E6902FB1A1600062C308 /* iqos_tool */;
			targetProxy = DDA9E6A92FB1A1650062C308 /* PBXContainerItemProxy */;
		};
/* End PBXTargetDependency section */

/* Begin XCBuildConfiguration section */
		DDA9E6B02FB1A1650062C308 /* Debug */ = {
			isa = XCBuildConfiguration;
			buildSettings = {
				ALWAYS_SEARCH_USER_PATHS = NO;
				ASSETCATALOG_COMPILER_GENERATE_SWIFT_ASSET_SYMBOL_EXTENSIONS = YES;
				CLANG_ANALYZER_NONNULL = YES;
				CLANG_ANALYZER_NUMBER_OBJECT_CONVERSION = YES_AGGRESSIVE;
				CLANG_CXX_LANGUAGE_STANDARD = "gnu++20";
				CLANG_ENABLE_MODULES = YES;
				CLANG_ENABLE_OBJC_ARC = YES;
				CLANG_ENABLE_OBJC_WEAK = YES;
				CLANG_WARN_BLOCK_CAPTURE_AUTORELEASING = YES;
				CLANG_WARN_BOOL_CONVERSION = YES;
				CLANG_WARN_COMMA = YES;
				CLANG_WARN_CONSTANT_CONVERSION = YES;
				CLANG_WARN_DEPRECATED_OBJC_IMPLEMENTATIONS = YES;
				CLANG_WARN_DIRECT_OBJC_ISA_USAGE = YES_ERROR;
				CLANG_WARN_DOCUMENTATION_COMMENTS = YES;
				CLANG_WARN_EMPTY_BODY = YES;
				CLANG_WARN_ENUM_CONVERSION = YES;
				CLANG_WARN_INFINITE_RECURSION = YES;
				CLANG_WARN_INT_CONVERSION = YES;
				CLANG_WARN_NON_LITERAL_NULL_CONVERSION = YES;
				CLANG_WARN_OBJC_IMPLICIT_RETAIN_SELF = YES;
				CLANG_WARN_OBJC_LITERAL_CONVERSION = YES;
				CLANG_WARN_OBJC_ROOT_CLASS = YES_ERROR;
				CLANG_WARN_QUOTED_INCLUDE_IN_FRAMEWORK_HEADER = YES;
				CLANG_WARN_RANGE_LOOP_ANALYSIS = YES;
				CLANG_WARN_STRICT_PROTOTYPES = YES;
				CLANG_WARN_SUSPICIOUS_MOVE = YES;
				CLANG_WARN_UNGUARDED_AVAILABILITY = YES_AGGRESSIVE;
				CLANG_WARN_UNREACHABLE_CODE = YES;
				CLANG_WARN__DUPLICATE_METHOD_MATCH = YES;
				COPY_PHASE_STRIP = NO;
				DEBUG_INFORMATION_FORMAT = dwarf;
				DEVELOPMENT_TEAM = R59D4KY82R;
				ENABLE_STRICT_OBJC_MSGSEND = YES;
				ENABLE_TESTABILITY = YES;
				ENABLE_USER_SCRIPT_SANDBOXING = YES;
				GCC_C_LANGUAGE_STANDARD = gnu17;
				GCC_DYNAMIC_NO_PIC = NO;
				GCC_NO_COMMON_BLOCKS = YES;
				GCC_OPTIMIZATION_LEVEL = 0;
				GCC_PREPROCESSOR_DEFINITIONS = (
					"DEBUG=1",
					"$(inherited)",
				);
				GCC_WARN_64_TO_32_BIT_CONVERSION = YES;
				GCC_WARN_ABOUT_RETURN_TYPE = YES_ERROR;
				GCC_WARN_UNDECLARED_SELECTOR = YES;
				GCC_WARN_UNINITIALIZED_AUTOS = YES_AGGRESSIVE;
				GCC_WARN_UNUSED_FUNCTION = YES;
				GCC_WARN_UNUSED_VARIABLE = YES;
				LOCALIZATION_PREFERS_STRING_CATALOGS = YES;
				MTL_ENABLE_DEBUG_INFO = INCLUDE_SOURCE;
				MTL_FAST_MATH = YES;
				ONLY_ACTIVE_ARCH = YES;
				SWIFT_ACTIVE_COMPILATION_CONDITIONS = "DEBUG $(inherited)";
				SWIFT_OPTIMIZATION_LEVEL = "-Onone";
			};
			name = Debug;
		};
		DDA9E6B12FB1A1650062C308 /* Release */ = {
			isa = XCBuildConfiguration;
			buildSettings = {
				ALWAYS_SEARCH_USER_PATHS = NO;
				ASSETCATALOG_COMPILER_GENERATE_SWIFT_ASSET_SYMBOL_EXTENSIONS = YES;
				CLANG_ANALYZER_NONNULL = YES;
				CLANG_ANALYZER_NUMBER_OBJECT_CONVERSION = YES_AGGRESSIVE;
				CLANG_CXX_LANGUAGE_STANDARD = "gnu++20";
				CLANG_ENABLE_MODULES = YES;
				CLANG_ENABLE_OBJC_ARC = YES;
				CLANG_ENABLE_OBJC_WEAK = YES;
				CLANG_WARN_BLOCK_CAPTURE_AUTORELEASING = YES;
				CLANG_WARN_BOOL_CONVERSION = YES;
				CLANG_WARN_COMMA = YES;
				CLANG_WARN_CONSTANT_CONVERSION = YES;
				CLANG_WARN_DEPRECATED_OBJC_IMPLEMENTATIONS = YES;
				CLANG_WARN_DIRECT_OBJC_ISA_USAGE = YES_ERROR;
				CLANG_WARN_DOCUMENTATION_COMMENTS = YES;
				CLANG_WARN_EMPTY_BODY = YES;
				CLANG_WARN_ENUM_CONVERSION = YES;
				CLANG_WARN_INFINITE_RECURSION = YES;
				CLANG_WARN_INT_CONVERSION = YES;
				CLANG_WARN_NON_LITERAL_NULL_CONVERSION = YES;
				CLANG_WARN_OBJC_IMPLICIT_RETAIN_SELF = YES;
				CLANG_WARN_OBJC_LITERAL_CONVERSION = YES;
				CLANG_WARN_OBJC_ROOT_CLASS = YES_ERROR;
				CLANG_WARN_QUOTED_INCLUDE_IN_FRAMEWORK_HEADER = YES;
				CLANG_WARN_RANGE_LOOP_ANALYSIS = YES;
				CLANG_WARN_STRICT_PROTOTYPES = YES;
				CLANG_WARN_SUSPICIOUS_MOVE = YES;
				CLANG_WARN_UNGUARDED_AVAILABILITY = YES_AGGRESSIVE;
				CLANG_WARN_UNREACHABLE_CODE = YES;
				CLANG_WARN__DUPLICATE_METHOD_MATCH = YES;
				COPY_PHASE_STRIP = NO;
				DEBUG_INFORMATION_FORMAT = "dwarf-with-dsym";
				DEVELOPMENT_TEAM = R59D4KY82R;
				ENABLE_NS_ASSERTIONS = NO;
				ENABLE_STRICT_OBJC_MSGSEND = YES;
				ENABLE_USER_SCRIPT_SANDBOXING = YES;
				GCC_C_LANGUAGE_STANDARD = gnu17;
				GCC_NO_COMMON_BLOCKS = YES;
				GCC_WARN_64_TO_32_BIT_CONVERSION = YES;
				GCC_WARN_ABOUT_RETURN_TYPE = YES_ERROR;
				GCC_WARN_UNDECLARED_SELECTOR = YES;
				GCC_WARN_UNINITIALIZED_AUTOS = YES_AGGRESSIVE;
				GCC_WARN_UNUSED_FUNCTION = YES;
				GCC_WARN_UNUSED_VARIABLE = YES;
				LOCALIZATION_PREFERS_STRING_CATALOGS = YES;
				MTL_ENABLE_DEBUG_INFO = NO;
				MTL_FAST_MATH = YES;
				SWIFT_COMPILATION_MODE = wholemodule;
			};
			name = Release;
		};
		DDA9E6B32FB1A1650062C308 /* Debug */ = {
			isa = XCBuildConfiguration;
			buildSettings = {
				ASSETCATALOG_COMPILER_APPICON_NAME = AppIcon;
				ASSETCATALOG_COMPILER_GLOBAL_ACCENT_COLOR_NAME = AccentColor;
				CODE_SIGN_ENTITLEMENTS = iqos_tool/iqos_tool.entitlements;
				CODE_SIGN_STYLE = Automatic;
				CURRENT_PROJECT_VERSION = 2;
				DEVELOPMENT_TEAM = R59D4KY82R;
				ENABLE_APP_SANDBOX = YES;
				ENABLE_HARDENED_RUNTIME = YES;
				ENABLE_PREVIEWS = YES;
				ENABLE_USER_SELECTED_FILES = readonly;
				GENERATE_INFOPLIST_FILE = NO;
				INFOPLIST_FILE = "iqos_tool-Info.plist";
				INFOPLIST_KEY_NSBluetoothAlwaysUsageDescription = "This app connects to nearby IQOS devices over Bluetooth.";
				INFOPLIST_KEY_UIBackgroundModes = "bluetooth-central";
				"INFOPLIST_KEY_UIApplicationSceneManifest_Generation[sdk=iphoneos*]" = YES;
				"INFOPLIST_KEY_UIApplicationSceneManifest_Generation[sdk=iphonesimulator*]" = YES;
				"INFOPLIST_KEY_UIApplicationSupportsIndirectInputEvents[sdk=iphoneos*]" = YES;
				"INFOPLIST_KEY_UIApplicationSupportsIndirectInputEvents[sdk=iphonesimulator*]" = YES;
				"INFOPLIST_KEY_UILaunchScreen_Generation[sdk=iphoneos*]" = YES;
				"INFOPLIST_KEY_UILaunchScreen_Generation[sdk=iphonesimulator*]" = YES;
				"INFOPLIST_KEY_UIStatusBarStyle[sdk=iphoneos*]" = UIStatusBarStyleDefault;
				"INFOPLIST_KEY_UIStatusBarStyle[sdk=iphonesimulator*]" = UIStatusBarStyleDefault;
				INFOPLIST_KEY_UISupportedInterfaceOrientations_iPad = "UIInterfaceOrientationPortrait UIInterfaceOrientationPortraitUpsideDown UIInterfaceOrientationLandscapeLeft UIInterfaceOrientationLandscapeRight";
				INFOPLIST_KEY_UISupportedInterfaceOrientations_iPhone = "UIInterfaceOrientationPortrait UIInterfaceOrientationLandscapeLeft UIInterfaceOrientationLandscapeRight";
				IPHONEOS_DEPLOYMENT_TARGET = 26.4;
				LD_RUNPATH_SEARCH_PATHS = "@executable_path/Frameworks";
				MARKETING_VERSION = 1.0.1;
				PRODUCT_BUNDLE_IDENTIFIER = "iqos-tool.iqos-tool";
				PRODUCT_NAME = "$(TARGET_NAME)";
				REGISTER_APP_GROUPS = YES;
				SDKROOT = iphoneos;
				STRING_CATALOG_GENERATE_SYMBOLS = YES;
				SUPPORTED_PLATFORMS = "iphoneos iphonesimulator";
				SWIFT_APPROACHABLE_CONCURRENCY = YES;
				SWIFT_DEFAULT_ACTOR_ISOLATION = MainActor;
				SWIFT_EMIT_LOC_STRINGS = YES;
				SWIFT_UPCOMING_FEATURE_MEMBER_IMPORT_VISIBILITY = YES;
				SWIFT_VERSION = 5.0;
				TARGETED_DEVICE_FAMILY = "1,2";
			};
			name = Debug;
		};
		DDA9E6B42FB1A1650062C308 /* Release */ = {
			isa = XCBuildConfiguration;
			buildSettings = {
				ASSETCATALOG_COMPILER_APPICON_NAME = AppIcon;
				ASSETCATALOG_COMPILER_GLOBAL_ACCENT_COLOR_NAME = AccentColor;
				CODE_SIGN_ENTITLEMENTS = iqos_tool/iqos_tool.entitlements;
				CODE_SIGN_STYLE = Automatic;
				CURRENT_PROJECT_VERSION = 2;
				DEVELOPMENT_TEAM = R59D4KY82R;
				ENABLE_APP_SANDBOX = YES;
				ENABLE_HARDENED_RUNTIME = YES;
				ENABLE_PREVIEWS = YES;
				ENABLE_USER_SELECTED_FILES = readonly;
				GENERATE_INFOPLIST_FILE = NO;
				INFOPLIST_FILE = "iqos_tool-Info.plist";
				INFOPLIST_KEY_NSBluetoothAlwaysUsageDescription = "This app connects to nearby IQOS devices over Bluetooth.";
				INFOPLIST_KEY_UIBackgroundModes = "bluetooth-central";
				"INFOPLIST_KEY_UIApplicationSceneManifest_Generation[sdk=iphoneos*]" = YES;
				"INFOPLIST_KEY_UIApplicationSceneManifest_Generation[sdk=iphonesimulator*]" = YES;
				"INFOPLIST_KEY_UIApplicationSupportsIndirectInputEvents[sdk=iphoneos*]" = YES;
				"INFOPLIST_KEY_UIApplicationSupportsIndirectInputEvents[sdk=iphonesimulator*]" = YES;
				"INFOPLIST_KEY_UILaunchScreen_Generation[sdk=iphoneos*]" = YES;
				"INFOPLIST_KEY_UILaunchScreen_Generation[sdk=iphonesimulator*]" = YES;
				"INFOPLIST_KEY_UIStatusBarStyle[sdk=iphoneos*]" = UIStatusBarStyleDefault;
				"INFOPLIST_KEY_UIStatusBarStyle[sdk=iphonesimulator*]" = UIStatusBarStyleDefault;
				INFOPLIST_KEY_UISupportedInterfaceOrientations_iPad = "UIInterfaceOrientationPortrait UIInterfaceOrientationPortraitUpsideDown UIInterfaceOrientationLandscapeLeft UIInterfaceOrientationLandscapeRight";
				INFOPLIST_KEY_UISupportedInterfaceOrientations_iPhone = "UIInterfaceOrientationPortrait UIInterfaceOrientationLandscapeLeft UIInterfaceOrientationLandscapeRight";
				IPHONEOS_DEPLOYMENT_TARGET = 26.4;
				LD_RUNPATH_SEARCH_PATHS = "@executable_path/Frameworks";
				MARKETING_VERSION = 1.0.1;
				PRODUCT_BUNDLE_IDENTIFIER = "iqos-tool.iqos-tool";
				PRODUCT_NAME = "$(TARGET_NAME)";
				REGISTER_APP_GROUPS = YES;
				SDKROOT = iphoneos;
				STRING_CATALOG_GENERATE_SYMBOLS = YES;
				SUPPORTED_PLATFORMS = "iphoneos iphonesimulator";
				SWIFT_APPROACHABLE_CONCURRENCY = YES;
				SWIFT_DEFAULT_ACTOR_ISOLATION = MainActor;
				SWIFT_EMIT_LOC_STRINGS = YES;
				SWIFT_UPCOMING_FEATURE_MEMBER_IMPORT_VISIBILITY = YES;
				SWIFT_VERSION = 5.0;
				TARGETED_DEVICE_FAMILY = "1,2";
			};
			name = Release;
		};
		DDA9E6B62FB1A1650062C308 /* Debug */ = {
			isa = XCBuildConfiguration;
			buildSettings = {
				BUNDLE_LOADER = "$(TEST_HOST)";
				CODE_SIGN_STYLE = Automatic;
				CURRENT_PROJECT_VERSION = 2;
				DEVELOPMENT_TEAM = R59D4KY82R;
				GENERATE_INFOPLIST_FILE = YES;
				IPHONEOS_DEPLOYMENT_TARGET = 26.4;
				MARKETING_VERSION = 1.0.1;
				PRODUCT_BUNDLE_IDENTIFIER = "iqos-tool.iqos-toolTests";
				PRODUCT_NAME = "$(TARGET_NAME)";
				SDKROOT = iphoneos;
				STRING_CATALOG_GENERATE_SYMBOLS = NO;
				SUPPORTED_PLATFORMS = "iphoneos iphonesimulator";
				SWIFT_APPROACHABLE_CONCURRENCY = YES;
				SWIFT_EMIT_LOC_STRINGS = NO;
				SWIFT_UPCOMING_FEATURE_MEMBER_IMPORT_VISIBILITY = YES;
				SWIFT_VERSION = 5.0;
				TARGETED_DEVICE_FAMILY = "1,2";
				TEST_HOST = "$(BUILT_PRODUCTS_DIR)/iqos_tool.app/$(BUNDLE_EXECUTABLE_FOLDER_PATH)/iqos_tool";
			};
			name = Debug;
		};
		DDA9E6B72FB1A1650062C308 /* Release */ = {
			isa = XCBuildConfiguration;
			buildSettings = {
				BUNDLE_LOADER = "$(TEST_HOST)";
				CODE_SIGN_STYLE = Automatic;
				CURRENT_PROJECT_VERSION = 2;
				DEVELOPMENT_TEAM = R59D4KY82R;
				GENERATE_INFOPLIST_FILE = YES;
				IPHONEOS_DEPLOYMENT_TARGET = 26.4;
				MARKETING_VERSION = 1.0.1;
				PRODUCT_BUNDLE_IDENTIFIER = "iqos-tool.iqos-toolTests";
				PRODUCT_NAME = "$(TARGET_NAME)";
				SDKROOT = iphoneos;
				STRING_CATALOG_GENERATE_SYMBOLS = NO;
				SUPPORTED_PLATFORMS = "iphoneos iphonesimulator";
				SWIFT_APPROACHABLE_CONCURRENCY = YES;
				SWIFT_EMIT_LOC_STRINGS = NO;
				SWIFT_UPCOMING_FEATURE_MEMBER_IMPORT_VISIBILITY = YES;
				SWIFT_VERSION = 5.0;
				TARGETED_DEVICE_FAMILY = "1,2";
				TEST_HOST = "$(BUILT_PRODUCTS_DIR)/iqos_tool.app/$(BUNDLE_EXECUTABLE_FOLDER_PATH)/iqos_tool";
			};
			name = Release;
		};
		DDA9E6B92FB1A1650062C308 /* Debug */ = {
			isa = XCBuildConfiguration;
			buildSettings = {
				CODE_SIGN_STYLE = Automatic;
				CURRENT_PROJECT_VERSION = 2;
				DEVELOPMENT_TEAM = R59D4KY82R;
				GENERATE_INFOPLIST_FILE = YES;
				IPHONEOS_DEPLOYMENT_TARGET = 26.4;
				MARKETING_VERSION = 1.0.1;
				PRODUCT_BUNDLE_IDENTIFIER = "iqos-tool.iqos-toolUITests";
				PRODUCT_NAME = "$(TARGET_NAME)";
				SDKROOT = iphoneos;
				STRING_CATALOG_GENERATE_SYMBOLS = NO;
				SUPPORTED_PLATFORMS = "iphoneos iphonesimulator";
				SWIFT_APPROACHABLE_CONCURRENCY = YES;
				SWIFT_EMIT_LOC_STRINGS = NO;
				SWIFT_UPCOMING_FEATURE_MEMBER_IMPORT_VISIBILITY = YES;
				SWIFT_VERSION = 5.0;
				TARGETED_DEVICE_FAMILY = "1,2";
				TEST_TARGET_NAME = iqos_tool;
			};
			name = Debug;
		};
		DDA9E6BA2FB1A1650062C308 /* Release */ = {
			isa = XCBuildConfiguration;
			buildSettings = {
				CODE_SIGN_STYLE = Automatic;
				CURRENT_PROJECT_VERSION = 2;
				DEVELOPMENT_TEAM = R59D4KY82R;
				GENERATE_INFOPLIST_FILE = YES;
				IPHONEOS_DEPLOYMENT_TARGET = 26.4;
				MARKETING_VERSION = 1.0.1;
				PRODUCT_BUNDLE_IDENTIFIER = "iqos-tool.iqos-toolUITests";
				PRODUCT_NAME = "$(TARGET_NAME)";
				SDKROOT = iphoneos;
				STRING_CATALOG_GENERATE_SYMBOLS = NO;
				SUPPORTED_PLATFORMS = "iphoneos iphonesimulator";
				SWIFT_APPROACHABLE_CONCURRENCY = YES;
				SWIFT_EMIT_LOC_STRINGS = NO;
				SWIFT_UPCOMING_FEATURE_MEMBER_IMPORT_VISIBILITY = YES;
				SWIFT_VERSION = 5.0;
				TARGETED_DEVICE_FAMILY = "1,2";
				TEST_TARGET_NAME = iqos_tool;
			};
			name = Release;
		};
		AA00000C2FB200000000000C /* Debug */ = {
			isa = XCBuildConfiguration;
			buildSettings = {
				APPLICATION_EXTENSION_API_ONLY = YES;
				CODE_SIGN_ENTITLEMENTS = iqos_tool_widget/iqos_tool_widget.entitlements;
				CODE_SIGN_STYLE = Automatic;
				CURRENT_PROJECT_VERSION = 2;
				DEVELOPMENT_TEAM = R59D4KY82R;
				GENERATE_INFOPLIST_FILE = NO;
				INFOPLIST_FILE = "iqos_tool_widget-Info.plist";
				IPHONEOS_DEPLOYMENT_TARGET = 26.4;
				LD_RUNPATH_SEARCH_PATHS = (
					"$(inherited)",
					"@executable_path/Frameworks",
					"@executable_path/../../Frameworks",
				);
				MARKETING_VERSION = 1.0.1;
				PRODUCT_BUNDLE_IDENTIFIER = "iqos-tool.iqos-tool.widget";
				PRODUCT_NAME = "$(TARGET_NAME)";
				SDKROOT = iphoneos;
				SKIP_INSTALL = YES;
				STRING_CATALOG_GENERATE_SYMBOLS = YES;
				SUPPORTED_PLATFORMS = "iphoneos iphonesimulator";
				SWIFT_APPROACHABLE_CONCURRENCY = YES;
				SWIFT_DEFAULT_ACTOR_ISOLATION = MainActor;
				SWIFT_EMIT_LOC_STRINGS = YES;
				SWIFT_UPCOMING_FEATURE_MEMBER_IMPORT_VISIBILITY = YES;
				SWIFT_VERSION = 5.0;
				TARGETED_DEVICE_FAMILY = "1,2";
			};
			name = Debug;
		};
		AA00000D2FB200000000000D /* Release */ = {
			isa = XCBuildConfiguration;
			buildSettings = {
				APPLICATION_EXTENSION_API_ONLY = YES;
				CODE_SIGN_ENTITLEMENTS = iqos_tool_widget/iqos_tool_widget.entitlements;
				CODE_SIGN_STYLE = Automatic;
				CURRENT_PROJECT_VERSION = 2;
				DEVELOPMENT_TEAM = R59D4KY82R;
				GENERATE_INFOPLIST_FILE = NO;
				INFOPLIST_FILE = "iqos_tool_widget-Info.plist";
				IPHONEOS_DEPLOYMENT_TARGET = 26.4;
				LD_RUNPATH_SEARCH_PATHS = (
					"$(inherited)",
					"@executable_path/Frameworks",
					"@executable_path/../../Frameworks",
				);
				MARKETING_VERSION = 1.0.1;
				PRODUCT_BUNDLE_IDENTIFIER = "iqos-tool.iqos-tool.widget";
				PRODUCT_NAME = "$(TARGET_NAME)";
				SDKROOT = iphoneos;
				SKIP_INSTALL = YES;
				STRING_CATALOG_GENERATE_SYMBOLS = YES;
				SUPPORTED_PLATFORMS = "iphoneos iphonesimulator";
				SWIFT_APPROACHABLE_CONCURRENCY = YES;
				SWIFT_DEFAULT_ACTOR_ISOLATION = MainActor;
				SWIFT_EMIT_LOC_STRINGS = YES;
				SWIFT_UPCOMING_FEATURE_MEMBER_IMPORT_VISIBILITY = YES;
				SWIFT_VERSION = 5.0;
				TARGETED_DEVICE_FAMILY = "1,2";
			};
			name = Release;
		};
/* End XCBuildConfiguration section */

/* Begin XCConfigurationList section */
		DDA9E68C2FB1A15F0062C308 /* Build configuration list for PBXProject "iqos_tool" */ = {
			isa = XCConfigurationList;
			buildConfigurations = (
				DDA9E6B02FB1A1650062C308 /* Debug */,
				DDA9E6B12FB1A1650062C308 /* Release */,
			);
			defaultConfigurationIsVisible = 0;
			defaultConfigurationName = Release;
		};
		DDA9E6B22FB1A1650062C308 /* Build configuration list for PBXNativeTarget "iqos_tool" */ = {
			isa = XCConfigurationList;
			buildConfigurations = (
				DDA9E6B32FB1A1650062C308 /* Debug */,
				DDA9E6B42FB1A1650062C308 /* Release */,
			);
			defaultConfigurationIsVisible = 0;
			defaultConfigurationName = Release;
		};
		DDA9E6B52FB1A1650062C308 /* Build configuration list for PBXNativeTarget "iqos_toolTests" */ = {
			isa = XCConfigurationList;
			buildConfigurations = (
				DDA9E6B62FB1A1650062C308 /* Debug */,
				DDA9E6B72FB1A1650062C308 /* Release */,
			);
			defaultConfigurationIsVisible = 0;
			defaultConfigurationName = Release;
		};
		DDA9E6B82FB1A1650062C308 /* Build configuration list for PBXNativeTarget "iqos_toolUITests" */ = {
			isa = XCConfigurationList;
			buildConfigurations = (
				DDA9E6B92FB1A1650062C308 /* Debug */,
				DDA9E6BA2FB1A1650062C308 /* Release */,
			);
			defaultConfigurationIsVisible = 0;
			defaultConfigurationName = Release;
		};
		AA00000B2FB200000000000B /* Build configuration list for PBXNativeTarget "iqos_tool_widget" */ = {
			isa = XCConfigurationList;
			buildConfigurations = (
				AA00000C2FB200000000000C /* Debug */,
				AA00000D2FB200000000000D /* Release */,
			);
			defaultConfigurationIsVisible = 0;
			defaultConfigurationName = Release;
		};
/* End XCConfigurationList section */
	};
	rootObject = DDA9E6892FB1A15F0062C308 /* Project object */;
}
